
Microsoft Visual Studio Solution File, Format Version 12.00
# Visual Studio Version 17
VisualStudioVersion = 17.5.002.0
MinimumVisualStudioVersion = 10.0.40219.1
Project("{9A19103F-16F7-4668-BE54-9A1E7A4F7556}") = "zamagni.davide.5i", "zamagni.davide.5i.csproj", "{97CE291B-4E76-4C2E-AE4D-0C423268B5D4}"
EndProject
Global
	GlobalSection(SolutionConfigurationPlatforms) = preSolution
		Debug|Any CPU = Debug|Any CPU
		Release|Any CPU = Release|Any CPU
	EndGlobalSection
	GlobalSection(ProjectConfigurationPlatforms) = postSolution
		{97CE291B-4E76-4C2E-AE4D-0C423268B5D4}.Debug|Any CPU.ActiveCfg = Debug|Any CPU
		{97CE291B-4E76-4C2E-AE4D-0C423268B5D4}.Debug|Any CPU.Build.0 = Debug|Any CPU
		{97CE291B-4E76-4C2E-AE4D-0C423268B5D4}.Release|Any CPU.ActiveCfg = Release|Any CPU
		{97CE291B-4E76-4C2E-AE4D-0C423268B5D4}.Release|Any CPU.Build.0 = Release|Any CPU
	EndGlobalSection
	GlobalSection(SolutionProperties) = preSolution
		HideSolutionNode = FALSE
	EndGlobalSection
	GlobalSection(ExtensibilityGlobals) = postSolution
		SolutionGuid = {530C9B61-0393-45D5-992D-525B871F91C0}
	EndGlobalSection
EndGlobal
